{
  "name": "mapintosh.de",
  "version": "1.0.0",
  "lockfileVersion": 1,
  "requires": true,
  "dependencies": {
    "leaflet": {
      "version": "1.6.0",
      "resolved": "https://registry.npmjs.org/leaflet/-/leaflet-1.6.0.tgz",
      "integrity": "sha512-CPkhyqWUKZKFJ6K8umN5/D2wrJ2+/8UIpXppY7QDnUZW5bZL5+SEI2J7GBpwh4LIupOKqbNSQXgqmrEJopHVNQ=="
    },
    "leaflet.fullscreen": {
      "version": "1.6.0",
      "resolved": "https://registry.npmjs.org/leaflet.fullscreen/-/leaflet.fullscreen-1.6.0.tgz",
      "integrity": "sha512-Mr6STMeyKSfJ1CsKFcPZOm425LOe0c/6EHh0AK93GiTvteTAMFmO/oFDNe+0p1mk4+8yeGLcYgaXTSzPveEGhA=="
    },
    "leaflet.tilelayer.colorfilter": {
      "version": "1.2.5",
      "resolved": "https://registry.npmjs.org/leaflet.tilelayer.colorfilter/-/leaflet.tilelayer.colorfilter-1.2.5.tgz",
      "integrity": "sha512-wUvqVlpEofDEDi0ocXApXAcz1l06RsNBEw3L/2ColaygDPERswgas2Jgv/DVrWrVd0HQAxDerwFqOtBI+zbw3w=="
    },
    "list.js": {
      "version": "1.5.0",
      "resolved": "https://registry.npmjs.org/list.js/-/list.js-1.5.0.tgz",
      "integrity": "sha1-pMv8goHd78Av2y0wyHSL+uJfvNo=",
      "requires": {
        "string-natural-compare": "^2.0.2"
      }
    },
    "string-natural-compare": {
      "version": "2.0.3",
      "resolved": "https://registry.npmjs.org/string-natural-compare/-/string-natural-compare-2.0.3.tgz",
      "integrity": "sha512-4Kcl12rNjc+6EKhY8QyDVuQTAlMWwRiNbsxnVwBUKFr7dYPQuXVrtNU4sEkjF9LHY0AY6uVbB3ktbkIH4LC+BQ=="
    }
  }
}
